
Microsoft Visual Studio Solution File, Format Version 12.00
# Visual Studio Version 17
VisualStudioVersion = 17.2.32602.215
MinimumVisualStudioVersion = 10.0.40219.1
Project("{FAE04EC0-301F-11D3-BF4B-00C04F79EFBC}") = "lab1_2", "lab1_2\lab1_2.csproj", "{F6461D96-FDBA-4545-8ABA-1B0D184EAA9A}"
EndProject
Project("{FAE04EC0-301F-11D3-BF4B-00C04F79EFBC}") = "lab1_2.Tests", "lab1_2.Tests\lab1_2.Tests.csproj", "{8F78BDEA-AF27-4E8D-854F-001434EDDB77}"
EndProject
Global
	GlobalSection(SolutionConfigurationPlatforms) = preSolution
		Debug|Any CPU = Debug|Any CPU
		Release|Any CPU = Release|Any CPU
	EndGlobalSection
	GlobalSection(ProjectConfigurationPlatforms) = postSolution
		{F6461D96-FDBA-4545-8ABA-1B0D184EAA9A}.Debug|Any CPU.ActiveCfg = Debug|Any CPU
		{F6461D96-FDBA-4545-8ABA-1B0D184EAA9A}.Debug|Any CPU.Build.0 = Debug|Any CPU
		{F6461D96-FDBA-4545-8ABA-1B0D184EAA9A}.Release|Any CPU.ActiveCfg = Release|Any CPU
		{F6461D96-FDBA-4545-8ABA-1B0D184EAA9A}.Release|Any CPU.Build.0 = Release|Any CPU
		{8F78BDEA-AF27-4E8D-854F-001434EDDB77}.Debug|Any CPU.ActiveCfg = Debug|Any CPU
		{8F78BDEA-AF27-4E8D-854F-001434EDDB77}.Debug|Any CPU.Build.0 = Debug|Any CPU
		{8F78BDEA-AF27-4E8D-854F-001434EDDB77}.Release|Any CPU.ActiveCfg = Release|Any CPU
		{8F78BDEA-AF27-4E8D-854F-001434EDDB77}.Release|Any CPU.Build.0 = Release|Any CPU
	EndGlobalSection
	GlobalSection(SolutionProperties) = preSolution
		HideSolutionNode = FALSE
	EndGlobalSection
	GlobalSection(ExtensibilityGlobals) = postSolution
		SolutionGuid = {3F77E1FB-C196-4F0B-A0C4-832696289DBF}
	EndGlobalSection
EndGlobal
